# This file is autogenerated, do not edit; changes may be undone by the next 'dep ensure'.


[[projects]]
  name = "github.com/aymerick/raymond"
  packages = [
    ".",
    "ast",
    "lexer",
    "parser"
  ]
  revision = "a2232af10b53ef1ae5a767f5178db3a6c1dab655"
  version = "v2.0.1"

[[projects]]
  name = "github.com/clbanning/mxj"
  packages = ["."]
  revision = "0e54a7a54db4edcc90ebf980376507b55136cf05"

[[projects]]
  name = "github.com/codemodus/kace"
  packages = ["."]
  revision = "d1957562c3a22a68de80588fa90d3d15e5d3e1cb"
  version = "v0.1.0"

[[projects]]
  name = "github.com/fatih/structs"
  packages = ["."]
  revision = "a720dfa8df582c51dee1b36feabb906bde1588bd"
  version = "v1.0"

[[projects]]
  name = "github.com/fsnotify/fsnotify"
  packages = ["."]
  revision = "fd9ec7deca8bf46ecd2a795baaacf2b3a9be1197"

[[projects]]
  name = "github.com/ghodss/yaml"
  packages = ["."]
  revision = "73d445a93680fa1a78ae23a5839bad48f32ba1ee"

[[projects]]
  name = "github.com/go-test/deep"
  packages = ["."]
  revision = "9898238679c264cfb10411539f14a0553dc8b295"
  version = "v1.0.0"

[[projects]]
  name = "github.com/hashicorp/hcl"
  packages = [
    ".",
    "hcl/ast",
    "hcl/parser",
    "hcl/scanner",
    "hcl/strconv",
    "hcl/token",
    "json/parser",
    "json/scanner",
    "json/token"
  ]
  revision = "37ab263305aaeb501a60eb16863e808d426e37f2"

[[projects]]
  name = "github.com/hofstadter-io/data-utils"
  packages = [
    ".",
    "io",
    "manip"
  ]
  revision = "67e10410a32cec6cbdef35ddf0c03c8e1567c84a"

[[projects]]
  name = "github.com/hofstadter-io/dotpath"
  packages = ["."]
  revision = "0516fd9c3b0c57f8d4f4a5c817fdb591eeec08e0"

[[projects]]
  name = "github.com/hofstadter-io/hof-lang"
  packages = [
    "lib/ast",
    "lib/parser"
  ]
  revision = "dacfd6ee183128f7b8eac0bffcc49e1354fa3c3e"

[[projects]]
  name = "github.com/inconshreveable/mousetrap"
  packages = ["."]
  revision = "76626ae9c91c4f2a10f34cad8ce83ea42c93bb75"
  version = "v1.0"

[[projects]]
  name = "github.com/kr/pretty"
  packages = ["."]
  revision = "737b74a46c4bf788349f72cb256fed10aea4d0ac"

[[projects]]
  branch = "master"
  name = "github.com/kr/text"
  packages = ["."]
  revision = "7cafcd837844e784b526369c9bce262804aebc60"

[[projects]]
  name = "github.com/magiconair/properties"
  packages = ["."]
  revision = "9c47895dc1ce54302908ab8a43385d1f5df2c11c"

[[projects]]
  name = "github.com/mattn/go-colorable"
  packages = ["."]
  revision = "9056b7a9f2d1f2d96498d6d146acd1f9d5ed3d59"
  version = "v0.0.5"

[[projects]]
  name = "github.com/mattn/go-isatty"
  packages = ["."]
  revision = "30a891c33c7cde7b02a981314b4228ec99380cca"

[[projects]]
  name = "github.com/mitchellh/mapstructure"
  packages = ["."]
  revision = "f3009df150dadf309fdee4a54ed65c124afad715"

[[projects]]
  branch = "master"
  name = "github.com/mohae/deepcopy"
  packages = ["."]
  revision = "c48cc78d482608239f6c4c92a4abd87eb8761c90"

[[projects]]
  name = "github.com/naoina/go-stringutil"
  packages = ["."]
  revision = "6b638e95a32d0c1131db0e7fe83775cbea4a0d0b"
  version = "v0.1.0"

[[projects]]
  name = "github.com/naoina/toml"
  packages = [
    ".",
    "ast"
  ]
  revision = "ac014c6b6502388d89a85552b7208b8da7cfe104"

[[projects]]
  name = "github.com/pelletier/go-buffruneio"
  packages = ["."]
  revision = "df1e16fde7fc330a0ca68167c23bf7ed6ac31d6d"
  version = "v0.1.0"

[[projects]]
  name = "github.com/pelletier/go-toml"
  packages = ["."]
  revision = "d464759235b8fd59f8ab4c44807d7c36e1678add"
  version = "v0.4.0"

[[projects]]
  name = "github.com/pkg/errors"
  packages = ["."]
  revision = "a2d6902c6d2a2f194eb3fb474981ab7867c81505"

[[projects]]
  name = "github.com/ryanuber/go-glob"
  packages = ["."]
  revision = "572520ed46dbddaed19ea3d9541bdd0494163693"
  version = "v0.1"

[[projects]]
  name = "github.com/spf13/afero"
  packages = [
    ".",
    "mem"
  ]
  revision = "06b7e5f50606ecd49148a01a6008942d9b669217"

[[projects]]
  name = "github.com/spf13/cast"
  packages = ["."]
  revision = "24b6558033ffe202bf42f0f3b870dcc798dd2ba8"

[[projects]]
  name = "github.com/spf13/cobra"
  packages = ["."]
  revision = "9495bc009a56819bdb0ddbc1a373e29c140bc674"

[[projects]]
  name = "github.com/spf13/jwalterweatherman"
  packages = ["."]
  revision = "33c24e77fb80341fe7130ee7c594256ff08ccc46"

[[projects]]
  name = "github.com/spf13/pflag"
  packages = ["."]
  revision = "5ccb023bc27df288a957c5e994cd44fd19619465"

[[projects]]
  name = "github.com/spf13/viper"
  packages = ["."]
  revision = "651d9d916abc3c3d6a91a12549495caba5edffd2"

[[projects]]
  name = "golang.org/x/sys"
  packages = ["unix"]
  revision = "8f0908ab3b2457e2e15403d3697c9ef5cb4b57a9"

[[projects]]
  name = "golang.org/x/text"
  packages = [
    "internal/gen",
    "internal/triegen",
    "internal/ucd",
    "transform",
    "unicode/cldr",
    "unicode/norm"
  ]
  revision = "2910a502d2bf9e43193af9d68ca516529614eed3"

[[projects]]
  name = "gopkg.in/inconshreveable/log15.v2"
  packages = [
    ".",
    "stack",
    "term"
  ]
  revision = "b105bd37f74e5d9dc7b6ad7806715c7a2b83fd3f"
  version = "v2.11"

[[projects]]
  name = "gopkg.in/yaml.v2"
  packages = ["."]
  revision = "53feefa2559fb8dfa8d81baad31be332c97d6c77"

[solve-meta]
  analyzer-name = "dep"
  analyzer-version = 1
  inputs-digest = "91bfbfb384b1657540bf148207b79ff94d2e0c976b0dbf15e98aa1fd553e5a52"
  solver-name = "gps-cdcl"
  solver-version = 1
